// !$*UTF8*$!
{
	archiveVersion = 1;
	classes = {
	};
	objectVersion = 55;
	objects = {

/* Begin PBXBuildFile section */
		3618108627E99921004EAECB /* Box.swift in Sources */ = {isa = PBXBuildFile; fileRef = 3618108527E99921004EAECB /* Box.swift */; };
		3618108827E99A3A004EAECB /* CurrentWeatherViewModel.swift in Sources */ = {isa = PBXBuildFile; fileRef = 3618108727E99A3A004EAECB /* CurrentWeatherViewModel.swift */; };
		3618108A27E99F17004EAECB /* ViewSpecificModels.swift in Sources */ = {isa = PBXBuildFile; fileRef = 3618108927E99F17004EAECB /* ViewSpecificModels.swift */; };
		3618108C27E9F2C4004EAECB /* Utility.swift in Sources */ = {isa = PBXBuildFile; fileRef = 3618108B27E9F2C4004EAECB /* Utility.swift */; };
		361810B127EAEF43004EAECB /* SearchLocationViewController.swift in Sources */ = {isa = PBXBuildFile; fileRef = 361810B027EAEF43004EAECB /* SearchLocationViewController.swift */; };
		361810B327EB0340004EAECB /* SearchLocationViewModel.swift in Sources */ = {isa = PBXBuildFile; fileRef = 361810B227EB0340004EAECB /* SearchLocationViewModel.swift */; };
		361810B527EB07E4004EAECB /* LocationSuggestionTableViewCell.swift in Sources */ = {isa = PBXBuildFile; fileRef = 361810B427EB07E3004EAECB /* LocationSuggestionTableViewCell.swift */; };
		36238F3B27DEFE8600B0158E /* AppDelegate.swift in Sources */ = {isa = PBXBuildFile; fileRef = 36238F3A27DEFE8600B0158E /* AppDelegate.swift */; };
		36238F3D27DEFE8600B0158E /* SceneDelegate.swift in Sources */ = {isa = PBXBuildFile; fileRef = 36238F3C27DEFE8600B0158E /* SceneDelegate.swift */; };
		36238F3F27DEFE8600B0158E /* ViewController.swift in Sources */ = {isa = PBXBuildFile; fileRef = 36238F3E27DEFE8600B0158E /* ViewController.swift */; };
		36238F4227DEFE8600B0158E /* Main.storyboard in Resources */ = {isa = PBXBuildFile; fileRef = 36238F4027DEFE8600B0158E /* Main.storyboard */; };
		36238F4527DEFE8600B0158E /* Weather_App.xcdatamodeld in Sources */ = {isa = PBXBuildFile; fileRef = 36238F4327DEFE8600B0158E /* Weather_App.xcdatamodeld */; };
		36238F4727DEFE8700B0158E /* Assets.xcassets in Resources */ = {isa = PBXBuildFile; fileRef = 36238F4627DEFE8700B0158E /* Assets.xcassets */; };
		36238F4A27DEFE8700B0158E /* LaunchScreen.storyboard in Resources */ = {isa = PBXBuildFile; fileRef = 36238F4827DEFE8700B0158E /* LaunchScreen.storyboard */; };
		365E603227E07C9D00409D95 /* forecastModel.swift in Sources */ = {isa = PBXBuildFile; fileRef = 365E603127E07C9D00409D95 /* forecastModel.swift */; };
		365E603427E07CFD00409D95 /* SearchSuggestionModel.swift in Sources */ = {isa = PBXBuildFile; fileRef = 365E603327E07CFD00409D95 /* SearchSuggestionModel.swift */; };
		365E603627E07D2C00409D95 /* commonDataModels.swift in Sources */ = {isa = PBXBuildFile; fileRef = 365E603527E07D2C00409D95 /* commonDataModels.swift */; };
		365E604227E1F6B200409D95 /* MainScreenViewController.swift in Sources */ = {isa = PBXBuildFile; fileRef = 365E604127E1F6B200409D95 /* MainScreenViewController.swift */; };
		365E604427E3148B00409D95 /* HourWeatherCollectionViewCell.swift in Sources */ = {isa = PBXBuildFile; fileRef = 365E604327E3148B00409D95 /* HourWeatherCollectionViewCell.swift */; };
		365E604627E360E700409D95 /* ForecastWeatherTableViewCell.swift in Sources */ = {isa = PBXBuildFile; fileRef = 365E604527E360E700409D95 /* ForecastWeatherTableViewCell.swift */; };
		3667F5CF27DF0FBD0093D666 /* API.swift in Sources */ = {isa = PBXBuildFile; fileRef = 3667F5CE27DF0FBD0093D666 /* API.swift */; };
		3667F5D127DF47FA0093D666 /* CurrentWeatherResponseModel.swift in Sources */ = {isa = PBXBuildFile; fileRef = 3667F5D027DF47FA0093D666 /* CurrentWeatherResponseModel.swift */; };
		3667F5D327DF59D70093D666 /* ApiFunctions.swift in Sources */ = {isa = PBXBuildFile; fileRef = 3667F5D227DF59D70093D666 /* ApiFunctions.swift */; };
		83EB179F46A016A049570F19 /* Pods_Weather_App.framework in Frameworks */ = {isa = PBXBuildFile; fileRef = E7F5B7C2A0FB5476F39328DE /* Pods_Weather_App.framework */; };
/* End PBXBuildFile section */

/* Begin PBXFileReference section */
		3618108527E99921004EAECB /* Box.swift */ = {isa = PBXFileReference; lastKnownFileType = sourcecode.swift; path = Box.swift; sourceTree = "<group>"; };
		3618108727E99A3A004EAECB /* CurrentWeatherViewModel.swift */ = {isa = PBXFileReference; lastKnownFileType = sourcecode.swift; path = CurrentWeatherViewModel.swift; sourceTree = "<group>"; };
		3618108927E99F17004EAECB /* ViewSpecificModels.swift */ = {isa = PBXFileReference; lastKnownFileType = sourcecode.swift; path = ViewSpecificModels.swift; sourceTree = "<group>"; };
		3618108B27E9F2C4004EAECB /* Utility.swift */ = {isa = PBXFileReference; lastKnownFileType = sourcecode.swift; path = Utility.swift; sourceTree = "<group>"; };
		361810B027EAEF43004EAECB /* SearchLocationViewController.swift */ = {isa = PBXFileReference; lastKnownFileType = sourcecode.swift; path = SearchLocationViewController.swift; sourceTree = "<group>"; };
		361810B227EB0340004EAECB /* SearchLocationViewModel.swift */ = {isa = PBXFileReference; lastKnownFileType = sourcecode.swift; path = SearchLocationViewModel.swift; sourceTree = "<group>"; };
		361810B427EB07E3004EAECB /* LocationSuggestionTableViewCell.swift */ = {isa = PBXFileReference; lastKnownFileType = sourcecode.swift; path = LocationSuggestionTableViewCell.swift; sourceTree = "<group>"; };
		36238F3727DEFE8600B0158E /* Weather App.app */ = {isa = PBXFileReference; explicitFileType = wrapper.application; includeInIndex = 0; path = "Weather App.app"; sourceTree = BUILT_PRODUCTS_DIR; };
		36238F3A27DEFE8600B0158E /* AppDelegate.swift */ = {isa = PBXFileReference; lastKnownFileType = sourcecode.swift; path = AppDelegate.swift; sourceTree = "<group>"; };
		36238F3C27DEFE8600B0158E /* SceneDelegate.swift */ = {isa = PBXFileReference; lastKnownFileType = sourcecode.swift; path = SceneDelegate.swift; sourceTree = "<group>"; };
		36238F3E27DEFE8600B0158E /* ViewController.swift */ = {isa = PBXFileReference; lastKnownFileType = sourcecode.swift; path = ViewController.swift; sourceTree = "<group>"; };
		36238F4127DEFE8600B0158E /* Base */ = {isa = PBXFileReference; lastKnownFileType = file.storyboard; name = Base; path = Base.lproj/Main.storyboard; sourceTree = "<group>"; };
		36238F4427DEFE8600B0158E /* Weather_App.xcdatamodel */ = {isa = PBXFileReference; lastKnownFileType = wrapper.xcdatamodel; path = Weather_App.xcdatamodel; sourceTree = "<group>"; };
		36238F4627DEFE8700B0158E /* Assets.xcassets */ = {isa = PBXFileReference; lastKnownFileType = folder.assetcatalog; path = Assets.xcassets; sourceTree = "<group>"; };
		36238F4927DEFE8700B0158E /* Base */ = {isa = PBXFileReference; lastKnownFileType = file.storyboard; name = Base; path = Base.lproj/LaunchScreen.storyboard; sourceTree = "<group>"; };
		36238F4B27DEFE8700B0158E /* Info.plist */ = {isa = PBXFileReference; lastKnownFileType = text.plist.xml; path = Info.plist; sourceTree = "<group>"; };
		365E603127E07C9D00409D95 /* forecastModel.swift */ = {isa = PBXFileReference; lastKnownFileType = sourcecode.swift; path = forecastModel.swift; sourceTree = "<group>"; };
		365E603327E07CFD00409D95 /* SearchSuggestionModel.swift */ = {isa = PBXFileReference; lastKnownFileType = sourcecode.swift; path = SearchSuggestionModel.swift; sourceTree = "<group>"; };
		365E603527E07D2C00409D95 /* commonDataModels.swift */ = {isa = PBXFileReference; lastKnownFileType = sourcecode.swift; path = commonDataModels.swift; sourceTree = "<group>"; };
		365E604127E1F6B200409D95 /* MainScreenViewController.swift */ = {isa = PBXFileReference; lastKnownFileType = sourcecode.swift; path = MainScreenViewController.swift; sourceTree = "<group>"; };
		365E604327E3148B00409D95 /* HourWeatherCollectionViewCell.swift */ = {isa = PBXFileReference; lastKnownFileType = sourcecode.swift; path = HourWeatherCollectionViewCell.swift; sourceTree = "<group>"; };
		365E604527E360E700409D95 /* ForecastWeatherTableViewCell.swift */ = {isa = PBXFileReference; lastKnownFileType = sourcecode.swift; path = ForecastWeatherTableViewCell.swift; sourceTree = "<group>"; };
		3667F5CE27DF0FBD0093D666 /* API.swift */ = {isa = PBXFileReference; lastKnownFileType = sourcecode.swift; path = API.swift; sourceTree = "<group>"; };
		3667F5D027DF47FA0093D666 /* CurrentWeatherResponseModel.swift */ = {isa = PBXFileReference; lastKnownFileType = sourcecode.swift; path = CurrentWeatherResponseModel.swift; sourceTree = "<group>"; };
		3667F5D227DF59D70093D666 /* ApiFunctions.swift */ = {isa = PBXFileReference; lastKnownFileType = sourcecode.swift; path = ApiFunctions.swift; sourceTree = "<group>"; };
		BA6A7B7F6089CFF8D8EB8E10 /* Pods-Weather App.debug.xcconfig */ = {isa = PBXFileReference; includeInIndex = 1; lastKnownFileType = text.xcconfig; name = "Pods-Weather App.debug.xcconfig"; path = "Target Support Files/Pods-Weather App/Pods-Weather App.debug.xcconfig"; sourceTree = "<group>"; };
		BBC2E825F51CD5731B12EFC3 /* Pods-Weather App.release.xcconfig */ = {isa = PBXFileReference; includeInIndex = 1; lastKnownFileType = text.xcconfig; name = "Pods-Weather App.release.xcconfig"; path = "Target Support Files/Pods-Weather App/Pods-Weather App.release.xcconfig"; sourceTree = "<group>"; };
		E7F5B7C2A0FB5476F39328DE /* Pods_Weather_App.framework */ = {isa = PBXFileReference; explicitFileType = wrapper.framework; includeInIndex = 0; path = Pods_Weather_App.framework; sourceTree = BUILT_PRODUCTS_DIR; };
/* End PBXFileReference section */

/* Begin PBXFrameworksBuildPhase section */
		36238F3427DEFE8600B0158E /* Frameworks */ = {
			isa = PBXFrameworksBuildPhase;
			buildActionMask = 2147483647;
			files = (
				83EB179F46A016A049570F19 /* Pods_Weather_App.framework in Frameworks */,
			);
			runOnlyForDeploymentPostprocessing = 0;
		};
/* End PBXFrameworksBuildPhase section */

/* Begin PBXGroup section */
		0DE8DB7CDECE5F3A68363D83 /* Pods */ = {
			isa = PBXGroup;
			children = (
				BA6A7B7F6089CFF8D8EB8E10 /* Pods-Weather App.debug.xcconfig */,
				BBC2E825F51CD5731B12EFC3 /* Pods-Weather App.release.xcconfig */,
			);
			path = Pods;
			sourceTree = "<group>";
		};
		3618108427E998F4004EAECB /* ViewModel */ = {
			isa = PBXGroup;
			children = (
				3667F5CE27DF0FBD0093D666 /* API.swift */,
				3667F5D227DF59D70093D666 /* ApiFunctions.swift */,
				361810B227EB0340004EAECB /* SearchLocationViewModel.swift */,
				3618108527E99921004EAECB /* Box.swift */,
				3618108727E99A3A004EAECB /* CurrentWeatherViewModel.swift */,
				3618108927E99F17004EAECB /* ViewSpecificModels.swift */,
				3618108B27E9F2C4004EAECB /* Utility.swift */,
			);
			path = ViewModel;
			sourceTree = "<group>";
		};
		36238F2E27DEFE8600B0158E = {
			isa = PBXGroup;
			children = (
				36238F3927DEFE8600B0158E /* Weather App */,
				36238F3827DEFE8600B0158E /* Products */,
				0DE8DB7CDECE5F3A68363D83 /* Pods */,
				3D8892A7E12AA7950418CDD0 /* Frameworks */,
			);
			sourceTree = "<group>";
		};
		36238F3827DEFE8600B0158E /* Products */ = {
			isa = PBXGroup;
			children = (
				36238F3727DEFE8600B0158E /* Weather App.app */,
			);
			name = Products;
			sourceTree = "<group>";
		};
		36238F3927DEFE8600B0158E /* Weather App */ = {
			isa = PBXGroup;
			children = (
				3618108427E998F4004EAECB /* ViewModel */,
				36238F3A27DEFE8600B0158E /* AppDelegate.swift */,
				36238F3C27DEFE8600B0158E /* SceneDelegate.swift */,
				36238F4027DEFE8600B0158E /* Main.storyboard */,
				365E603827E1E2DD00409D95 /* view */,
				365E603727E0826F00409D95 /* Model */,
				36238F4627DEFE8700B0158E /* Assets.xcassets */,
				36238F4827DEFE8700B0158E /* LaunchScreen.storyboard */,
				36238F4B27DEFE8700B0158E /* Info.plist */,
				36238F4327DEFE8600B0158E /* Weather_App.xcdatamodeld */,
			);
			path = "Weather App";
			sourceTree = "<group>";
		};
		365E603727E0826F00409D95 /* Model */ = {
			isa = PBXGroup;
			children = (
				3667F5D027DF47FA0093D666 /* CurrentWeatherResponseModel.swift */,
				365E603327E07CFD00409D95 /* SearchSuggestionModel.swift */,
				365E603527E07D2C00409D95 /* commonDataModels.swift */,
				365E603127E07C9D00409D95 /* forecastModel.swift */,
			);
			path = Model;
			sourceTree = "<group>";
		};
		365E603827E1E2DD00409D95 /* view */ = {
			isa = PBXGroup;
			children = (
				36238F3E27DEFE8600B0158E /* ViewController.swift */,
				365E604127E1F6B200409D95 /* MainScreenViewController.swift */,
				365E604327E3148B00409D95 /* HourWeatherCollectionViewCell.swift */,
				365E604527E360E700409D95 /* ForecastWeatherTableViewCell.swift */,
				361810B027EAEF43004EAECB /* SearchLocationViewController.swift */,
				361810B427EB07E3004EAECB /* LocationSuggestionTableViewCell.swift */,
			);
			path = view;
			sourceTree = "<group>";
		};
		3D8892A7E12AA7950418CDD0 /* Frameworks */ = {
			isa = PBXGroup;
			children = (
				E7F5B7C2A0FB5476F39328DE /* Pods_Weather_App.framework */,
			);
			name = Frameworks;
			sourceTree = "<group>";
		};
/* End PBXGroup section */

/* Begin PBXNativeTarget section */
		36238F3627DEFE8600B0158E /* Weather App */ = {
			isa = PBXNativeTarget;
			buildConfigurationList = 36238F4E27DEFE8700B0158E /* Build configuration list for PBXNativeTarget "Weather App" */;
			buildPhases = (
				08AAC45A6B7885110EB96D3A /* [CP] Check Pods Manifest.lock */,
				36238F3327DEFE8600B0158E /* Sources */,
				36238F3427DEFE8600B0158E /* Frameworks */,
				36238F3527DEFE8600B0158E /* Resources */,
				77037657BF78584142E4108D /* [CP] Embed Pods Frameworks */,
			);
			buildRules = (
			);
			dependencies = (
			);
			name = "Weather App";
			productName = "Weather App";
			productReference = 36238F3727DEFE8600B0158E /* Weather App.app */;
			productType = "com.apple.product-type.application";
		};
/* End PBXNativeTarget section */

/* Begin PBXProject section */
		36238F2F27DEFE8600B0158E /* Project object */ = {
			isa = PBXProject;
			attributes = {
				BuildIndependentTargetsInParallel = 1;
				LastSwiftUpdateCheck = 1320;
				LastUpgradeCheck = 1320;
				TargetAttributes = {
					36238F3627DEFE8600B0158E = {
						CreatedOnToolsVersion = 13.2.1;
					};
				};
			};
			buildConfigurationList = 36238F3227DEFE8600B0158E /* Build configuration list for PBXProject "Weather App" */;
			compatibilityVersion = "Xcode 13.0";
			developmentRegion = en;
			hasScannedForEncodings = 0;
			knownRegions = (
				en,
				Base,
			);
			mainGroup = 36238F2E27DEFE8600B0158E;
			productRefGroup = 36238F3827DEFE8600B0158E /* Products */;
			projectDirPath = "";
			projectRoot = "";
			targets = (
				36238F3627DEFE8600B0158E /* Weather App */,
			);
		};
/* End PBXProject section */

/* Begin PBXResourcesBuildPhase section */
		36238F3527DEFE8600B0158E /* Resources */ = {
			isa = PBXResourcesBuildPhase;
			buildActionMask = 2147483647;
			files = (
				36238F4A27DEFE8700B0158E /* LaunchScreen.storyboard in Resources */,
				36238F4727DEFE8700B0158E /* Assets.xcassets in Resources */,
				36238F4227DEFE8600B0158E /* Main.storyboard in Resources */,
			);
			runOnlyForDeploymentPostprocessing = 0;
		};
/* End PBXResourcesBuildPhase section */

/* Begin PBXShellScriptBuildPhase section */
		08AAC45A6B7885110EB96D3A /* [CP] Check Pods Manifest.lock */ = {
			isa = PBXShellScriptBuildPhase;
			buildActionMask = 2147483647;
			files = (
			);
			inputFileListPaths = (
			);
			inputPaths = (
				"${PODS_PODFILE_DIR_PATH}/Podfile.lock",
				"${PODS_ROOT}/Manifest.lock",
			);
			name = "[CP] Check Pods Manifest.lock";
			outputFileListPaths = (
			);
			outputPaths = (
				"$(DERIVED_FILE_DIR)/Pods-Weather App-checkManifestLockResult.txt",
			);
			runOnlyForDeploymentPostprocessing = 0;
			shellPath = /bin/sh;
			shellScript = "diff \"${PODS_PODFILE_DIR_PATH}/Podfile.lock\" \"${PODS_ROOT}/Manifest.lock\" > /dev/null\nif [ $? != 0 ] ; then\n    # print error to STDERR\n    echo \"error: The sandbox is not in sync with the Podfile.lock. Run 'pod install' or update your CocoaPods installation.\" >&2\n    exit 1\nfi\n# This output is used by Xcode 'outputs' to avoid re-running this script phase.\necho \"SUCCESS\" > \"${SCRIPT_OUTPUT_FILE_0}\"\n";
			showEnvVarsInLog = 0;
		};
		77037657BF78584142E4108D /* [CP] Embed Pods Frameworks */ = {
			isa = PBXShellScriptBuildPhase;
			buildActionMask = 2147483647;
			files = (
			);
			inputFileListPaths = (
				"${PODS_ROOT}/Target Support Files/Pods-Weather App/Pods-Weather App-frameworks-${CONFIGURATION}-input-files.xcfilelist",
			);
			name = "[CP] Embed Pods Frameworks";
			outputFileListPaths = (
				"${PODS_ROOT}/Target Support Files/Pods-Weather App/Pods-Weather App-frameworks-${CONFIGURATION}-output-files.xcfilelist",
			);
			runOnlyForDeploymentPostprocessing = 0;
			shellPath = /bin/sh;
			shellScript = "\"${PODS_ROOT}/Target Support Files/Pods-Weather App/Pods-Weather App-frameworks.sh\"\n";
			showEnvVarsInLog = 0;
		};
/* End PBXShellScriptBuildPhase section */

/* Begin PBXSourcesBuildPhase section */
		36238F3327DEFE8600B0158E /* Sources */ = {
			isa = PBXSourcesBuildPhase;
			buildActionMask = 2147483647;
			files = (
				3667F5D127DF47FA0093D666 /* CurrentWeatherResponseModel.swift in Sources */,
				3618108627E99921004EAECB /* Box.swift in Sources */,
				3618108827E99A3A004EAECB /* CurrentWeatherViewModel.swift in Sources */,
				365E604227E1F6B200409D95 /* MainScreenViewController.swift in Sources */,
				365E604627E360E700409D95 /* ForecastWeatherTableViewCell.swift in Sources */,
				3667F5D327DF59D70093D666 /* ApiFunctions.swift in Sources */,
				365E604427E3148B00409D95 /* HourWeatherCollectionViewCell.swift in Sources */,
				365E603627E07D2C00409D95 /* commonDataModels.swift in Sources */,
				3618108A27E99F17004EAECB /* ViewSpecificModels.swift in Sources */,
				36238F4527DEFE8600B0158E /* Weather_App.xcdatamodeld in Sources */,
				36238F3F27DEFE8600B0158E /* ViewController.swift in Sources */,
				36238F3B27DEFE8600B0158E /* AppDelegate.swift in Sources */,
				365E603427E07CFD00409D95 /* SearchSuggestionModel.swift in Sources */,
				361810B327EB0340004EAECB /* SearchLocationViewModel.swift in Sources */,
				36238F3D27DEFE8600B0158E /* SceneDelegate.swift in Sources */,
				365E603227E07C9D00409D95 /* forecastModel.swift in Sources */,
				361810B527EB07E4004EAECB /* LocationSuggestionTableViewCell.swift in Sources */,
				361810B127EAEF43004EAECB /* SearchLocationViewController.swift in Sources */,
				3667F5CF27DF0FBD0093D666 /* API.swift in Sources */,
				3618108C27E9F2C4004EAECB /* Utility.swift in Sources */,
			);
			runOnlyForDeploymentPostprocessing = 0;
		};
/* End PBXSourcesBuildPhase section */

/* Begin PBXVariantGroup section */
		36238F4027DEFE8600B0158E /* Main.storyboard */ = {
			isa = PBXVariantGroup;
			children = (
				36238F4127DEFE8600B0158E /* Base */,
			);
			name = Main.storyboard;
			sourceTree = "<group>";
		};
		36238F4827DEFE8700B0158E /* LaunchScreen.storyboard */ = {
			isa = PBXVariantGroup;
			children = (
				36238F4927DEFE8700B0158E /* Base */,
			);
			name = LaunchScreen.storyboard;
			sourceTree = "<group>";
		};
/* End PBXVariantGroup section */

/* Begin XCBuildConfiguration section */
		36238F4C27DEFE8700B0158E /* Debug */ = {
			isa = XCBuildConfiguration;
			buildSettings = {
				ALWAYS_SEARCH_USER_PATHS = NO;
				CLANG_ANALYZER_NONNULL = YES;
				CLANG_ANALYZER_NUMBER_OBJECT_CONVERSION = YES_AGGRESSIVE;
				CLANG_CXX_LANGUAGE_STANDARD = "gnu++17";
				CLANG_CXX_LIBRARY = "libc++";
				CLANG_ENABLE_MODULES = YES;
				CLANG_ENABLE_OBJC_ARC = YES;
				CLANG_ENABLE_OBJC_WEAK = YES;
				CLANG_WARN_BLOCK_CAPTURE_AUTORELEASING = YES;
				CLANG_WARN_BOOL_CONVERSION = YES;
				CLANG_WARN_COMMA = YES;
				CLANG_WARN_CONSTANT_CONVERSION = YES;
				CLANG_WARN_DEPRECATED_OBJC_IMPLEMENTATIONS = YES;
				CLANG_WARN_DIRECT_OBJC_ISA_USAGE = YES_ERROR;
				CLANG_WARN_DOCUMENTATION_COMMENTS = YES;
				CLANG_WARN_EMPTY_BODY = YES;
				CLANG_WARN_ENUM_CONVERSION = YES;
				CLANG_WARN_INFINITE_RECURSION = YES;
				CLANG_WARN_INT_CONVERSION = YES;
				CLANG_WARN_NON_LITERAL_NULL_CONVERSION = YES;
				CLANG_WARN_OBJC_IMPLICIT_RETAIN_SELF = YES;
				CLANG_WARN_OBJC_LITERAL_CONVERSION = YES;
				CLANG_WARN_OBJC_ROOT_CLASS = YES_ERROR;
				CLANG_WARN_QUOTED_INCLUDE_IN_FRAMEWORK_HEADER = YES;
				CLANG_WARN_RANGE_LOOP_ANALYSIS = YES;
				CLANG_WARN_STRICT_PROTOTYPES = YES;
				CLANG_WARN_SUSPICIOUS_MOVE = YES;
				CLANG_WARN_UNGUARDED_AVAILABILITY = YES_AGGRESSIVE;
				CLANG_WARN_UNREACHABLE_CODE = YES;
				CLANG_WARN__DUPLICATE_METHOD_MATCH = YES;
				COPY_PHASE_STRIP = NO;
				DEBUG_INFORMATION_FORMAT = dwarf;
				ENABLE_STRICT_OBJC_MSGSEND = YES;
				ENABLE_TESTABILITY = YES;
				GCC_C_LANGUAGE_STANDARD = gnu11;
				GCC_DYNAMIC_NO_PIC = NO;
				GCC_NO_COMMON_BLOCKS = YES;
				GCC_OPTIMIZATION_LEVEL = 0;
				GCC_PREPROCESSOR_DEFINITIONS = (
					"DEBUG=1",
					"$(inherited)",
				);
				GCC_WARN_64_TO_32_BIT_CONVERSION = YES;
				GCC_WARN_ABOUT_RETURN_TYPE = YES_ERROR;
				GCC_WARN_UNDECLARED_SELECTOR = YES;
				GCC_WARN_UNINITIALIZED_AUTOS = YES_AGGRESSIVE;
				GCC_WARN_UNUSED_FUNCTION = YES;
				GCC_WARN_UNUSED_VARIABLE = YES;
				IPHONEOS_DEPLOYMENT_TARGET = 15.2;
				MTL_ENABLE_DEBUG_INFO = INCLUDE_SOURCE;
				MTL_FAST_MATH = YES;
				ONLY_ACTIVE_ARCH = YES;
				SDKROOT = iphoneos;
				SWIFT_ACTIVE_COMPILATION_CONDITIONS = DEBUG;
				SWIFT_OPTIMIZATION_LEVEL = "-Onone";
			};
			name = Debug;
		};
		36238F4D27DEFE8700B0158E /* Release */ = {
			isa = XCBuildConfiguration;
			buildSettings = {
				ALWAYS_SEARCH_USER_PATHS = NO;
				CLANG_ANALYZER_NONNULL = YES;
				CLANG_ANALYZER_NUMBER_OBJECT_CONVERSION = YES_AGGRESSIVE;
				CLANG_CXX_LANGUAGE_STANDARD = "gnu++17";
				CLANG_CXX_LIBRARY = "libc++";
				CLANG_ENABLE_MODULES = YES;
				CLANG_ENABLE_OBJC_ARC = YES;
				CLANG_ENABLE_OBJC_WEAK = YES;
				CLANG_WARN_BLOCK_CAPTURE_AUTORELEASING = YES;
				CLANG_WARN_BOOL_CONVERSION = YES;
				CLANG_WARN_COMMA = YES;
				CLANG_WARN_CONSTANT_CONVERSION = YES;
				CLANG_WARN_DEPRECATED_OBJC_IMPLEMENTATIONS = YES;
				CLANG_WARN_DIRECT_OBJC_ISA_USAGE = YES_ERROR;
				CLANG_WARN_DOCUMENTATION_COMMENTS = YES;
				CLANG_WARN_EMPTY_BODY = YES;
				CLANG_WARN_ENUM_CONVERSION = YES;
				CLANG_WARN_INFINITE_RECURSION = YES;
				CLANG_WARN_INT_CONVERSION = YES;
				CLANG_WARN_NON_LITERAL_NULL_CONVERSION = YES;
				CLANG_WARN_OBJC_IMPLICIT_RETAIN_SELF = YES;
				CLANG_WARN_OBJC_LITERAL_CONVERSION = YES;
				CLANG_WARN_OBJC_ROOT_CLASS = YES_ERROR;
				CLANG_WARN_QUOTED_INCLUDE_IN_FRAMEWORK_HEADER = YES;
				CLANG_WARN_RANGE_LOOP_ANALYSIS = YES;
				CLANG_WARN_STRICT_PROTOTYPES = YES;
				CLANG_WARN_SUSPICIOUS_MOVE = YES;
				CLANG_WARN_UNGUARDED_AVAILABILITY = YES_AGGRESSIVE;
				CLANG_WARN_UNREACHABLE_CODE = YES;
				CLANG_WARN__DUPLICATE_METHOD_MATCH = YES;
				COPY_PHASE_STRIP = NO;
				DEBUG_INFORMATION_FORMAT = "dwarf-with-dsym";
				ENABLE_NS_ASSERTIONS = NO;
				ENABLE_STRICT_OBJC_MSGSEND = YES;
				GCC_C_LANGUAGE_STANDARD = gnu11;
				GCC_NO_COMMON_BLOCKS = YES;
				GCC_WARN_64_TO_32_BIT_CONVERSION = YES;
				GCC_WARN_ABOUT_RETURN_TYPE = YES_ERROR;
				GCC_WARN_UNDECLARED_SELECTOR = YES;
				GCC_WARN_UNINITIALIZED_AUTOS = YES_AGGRESSIVE;
				GCC_WARN_UNUSED_FUNCTION = YES;
				GCC_WARN_UNUSED_VARIABLE = YES;
				IPHONEOS_DEPLOYMENT_TARGET = 15.2;
				MTL_ENABLE_DEBUG_INFO = NO;
				MTL_FAST_MATH = YES;
				SDKROOT = iphoneos;
				SWIFT_COMPILATION_MODE = wholemodule;
				SWIFT_OPTIMIZATION_LEVEL = "-O";
				VALIDATE_PRODUCT = YES;
			};
			name = Release;
		};
		36238F4F27DEFE8700B0158E /* Debug */ = {
			isa = XCBuildConfiguration;
			baseConfigurationReference = BA6A7B7F6089CFF8D8EB8E10 /* Pods-Weather App.debug.xcconfig */;
			buildSettings = {
				ASSETCATALOG_COMPILER_APPICON_NAME = AppIcon;
				ASSETCATALOG_COMPILER_GLOBAL_ACCENT_COLOR_NAME = AccentColor;
				CODE_SIGN_STYLE = Automatic;
				CURRENT_PROJECT_VERSION = 1;
				GENERATE_INFOPLIST_FILE = YES;
				INFOPLIST_FILE = "Weather App/Info.plist";
				INFOPLIST_KEY_UIApplicationSupportsIndirectInputEvents = YES;
				INFOPLIST_KEY_UILaunchStoryboardName = LaunchScreen;
				INFOPLIST_KEY_UIMainStoryboardFile = Main;
				INFOPLIST_KEY_UISupportedInterfaceOrientations_iPad = "UIInterfaceOrientationPortrait UIInterfaceOrientationPortraitUpsideDown UIInterfaceOrientationLandscapeLeft UIInterfaceOrientationLandscapeRight";
				INFOPLIST_KEY_UISupportedInterfaceOrientations_iPhone = "UIInterfaceOrientationPortrait UIInterfaceOrientationLandscapeLeft UIInterfaceOrientationLandscapeRight";
				LD_RUNPATH_SEARCH_PATHS = (
					"$(inherited)",
					"@executable_path/Frameworks",
				);
				MARKETING_VERSION = 1.0;
				PRODUCT_BUNDLE_IDENTIFIER = "tokopedia.Weather-App";
				PRODUCT_NAME = "$(TARGET_NAME)";
				SWIFT_EMIT_LOC_STRINGS = YES;
				SWIFT_VERSION = 5.0;
				TARGETED_DEVICE_FAMILY = "1,2";
			};
			name = Debug;
		};
		36238F5027DEFE8700B0158E /* Release */ = {
			isa = XCBuildConfiguration;
			baseConfigurationReference = BBC2E825F51CD5731B12EFC3 /* Pods-Weather App.release.xcconfig */;
			buildSettings = {
				ASSETCATALOG_COMPILER_APPICON_NAME = AppIcon;
				ASSETCATALOG_COMPILER_GLOBAL_ACCENT_COLOR_NAME = AccentColor;
				CODE_SIGN_STYLE = Automatic;
				CURRENT_PROJECT_VERSION = 1;
				GENERATE_INFOPLIST_FILE = YES;
				INFOPLIST_FILE = "Weather App/Info.plist";
				INFOPLIST_KEY_UIApplicationSupportsIndirectInputEvents = YES;
				INFOPLIST_KEY_UILaunchStoryboardName = LaunchScreen;
				INFOPLIST_KEY_UIMainStoryboardFile = Main;
				INFOPLIST_KEY_UISupportedInterfaceOrientations_iPad = "UIInterfaceOrientationPortrait UIInterfaceOrientationPortraitUpsideDown UIInterfaceOrientationLandscapeLeft UIInterfaceOrientationLandscapeRight";
				INFOPLIST_KEY_UISupportedInterfaceOrientations_iPhone = "UIInterfaceOrientationPortrait UIInterfaceOrientationLandscapeLeft UIInterfaceOrientationLandscapeRight";
				LD_RUNPATH_SEARCH_PATHS = (
					"$(inherited)",
					"@executable_path/Frameworks",
				);
				MARKETING_VERSION = 1.0;
				PRODUCT_BUNDLE_IDENTIFIER = "tokopedia.Weather-App";
				PRODUCT_NAME = "$(TARGET_NAME)";
				SWIFT_EMIT_LOC_STRINGS = YES;
				SWIFT_VERSION = 5.0;
				TARGETED_DEVICE_FAMILY = "1,2";
			};
			name = Release;
		};
/* End XCBuildConfiguration section */

/* Begin XCConfigurationList section */
		36238F3227DEFE8600B0158E /* Build configuration list for PBXProject "Weather App" */ = {
			isa = XCConfigurationList;
			buildConfigurations = (
				36238F4C27DEFE8700B0158E /* Debug */,
				36238F4D27DEFE8700B0158E /* Release */,
			);
			defaultConfigurationIsVisible = 0;
			defaultConfigurationName = Release;
		};
		36238F4E27DEFE8700B0158E /* Build configuration list for PBXNativeTarget "Weather App" */ = {
			isa = XCConfigurationList;
			buildConfigurations = (
				36238F4F27DEFE8700B0158E /* Debug */,
				36238F5027DEFE8700B0158E /* Release */,
			);
			defaultConfigurationIsVisible = 0;
			defaultConfigurationName = Release;
		};
/* End XCConfigurationList section */

/* Begin XCVersionGroup section */
		36238F4327DEFE8600B0158E /* Weather_App.xcdatamodeld */ = {
			isa = XCVersionGroup;
			children = (
				36238F4427DEFE8600B0158E /* Weather_App.xcdatamodel */,
			);
			currentVersion = 36238F4427DEFE8600B0158E /* Weather_App.xcdatamodel */;
			path = Weather_App.xcdatamodeld;
			sourceTree = "<group>";
			versionGroupType = wrapper.xcdatamodel;
		};
/* End XCVersionGroup section */
	};
	rootObject = 36238F2F27DEFE8600B0158E /* Project object */;
}
